
Microsoft Visual Studio Solution File, Format Version 12.00
# Visual Studio Version 17
VisualStudioVersion = 17.4.33110.190
MinimumVisualStudioVersion = 10.0.40219.1
Project("{FAE04EC0-301F-11D3-BF4B-00C04F79EFBC}") = "RemoveDuplicatesFromSortedArray", "RemoveDuplicatesFromSortedArray\RemoveDuplicatesFromSortedArray.csproj", "{EA7EA521-5AA2-4A41-8D52-DE48F80FB4EC}"
EndProject
Global
	GlobalSection(SolutionConfigurationPlatforms) = preSolution
		Debug|Any CPU = Debug|Any CPU
		Release|Any CPU = Release|Any CPU
	EndGlobalSection
	GlobalSection(ProjectConfigurationPlatforms) = postSolution
		{EA7EA521-5AA2-4A41-8D52-DE48F80FB4EC}.Debug|Any CPU.ActiveCfg = Debug|Any CPU
		{EA7EA521-5AA2-4A41-8D52-DE48F80FB4EC}.Debug|Any CPU.Build.0 = Debug|Any CPU
		{EA7EA521-5AA2-4A41-8D52-DE48F80FB4EC}.Release|Any CPU.ActiveCfg = Release|Any CPU
		{EA7EA521-5AA2-4A41-8D52-DE48F80FB4EC}.Release|Any CPU.Build.0 = Release|Any CPU
	EndGlobalSection
	GlobalSection(SolutionProperties) = preSolution
		HideSolutionNode = FALSE
	EndGlobalSection
	GlobalSection(ExtensibilityGlobals) = postSolution
		SolutionGuid = {39E7FF2C-E3D8-443E-BDE6-AC250D1BBBCB}
	EndGlobalSection
EndGlobal
